{
  "name": "welcome",
  "lockfileVersion": 3,
  "requires": true,
  "packages": {
    "": {
      "dependencies": {
        "@material-design-icons/svg": "0.14.3",
        "simple-icons": "8.6.0",
        "the-new-css-reset": "1.8.4"
      },
      "devDependencies": {
        "@prettier/plugin-xml": "2.2.0",
        "prettier": "2.8.4",
        "prettier-plugin-go-template": "0.0.13"
      }
    },
    "node_modules/@material-design-icons/svg": {
      "version": "0.14.3",
      "resolved": "https://registry.npmjs.org/@material-design-icons/svg/-/svg-0.14.3.tgz",
      "integrity": "sha512-kozh4B9vg9TRAfNu7zOuL58N52DDlrp/M2fH/RNDRyJM4Y0ToHmnt1lW9WDeTmJBHRhxWxWJX8f7Lgx3iJjFWA=="
    },
    "node_modules/@prettier/plugin-xml": {
      "version": "2.2.0",
      "resolved": "https://registry.npmjs.org/@prettier/plugin-xml/-/plugin-xml-2.2.0.tgz",
      "integrity": "sha512-UWRmygBsyj4bVXvDiqSccwT1kmsorcwQwaIy30yVh8T+Gspx4OlC0shX1y+ZuwXZvgnafmpRYKks0bAu9urJew==",
      "dev": true,
      "dependencies": {
        "@xml-tools/parser": "^1.0.11",
        "prettier": ">=2.4.0"
      }
    },
    "node_modules/@xml-tools/parser": {
      "version": "1.0.11",
      "resolved": "https://registry.npmjs.org/@xml-tools/parser/-/parser-1.0.11.tgz",
      "integrity": "sha512-aKqQ077XnR+oQtHJlrAflaZaL7qZsulWc/i/ZEooar5JiWj1eLt0+Wg28cpa+XLney107wXqneC+oG1IZvxkTA==",
      "dev": true,
      "dependencies": {
        "chevrotain": "7.1.1"
      }
    },
    "node_modules/chevrotain": {
      "version": "7.1.1",
      "resolved": "https://registry.npmjs.org/chevrotain/-/chevrotain-7.1.1.tgz",
      "integrity": "sha512-wy3mC1x4ye+O+QkEinVJkPf5u2vsrDIYW9G7ZuwFl6v/Yu0LwUuT2POsb+NUWApebyxfkQq6+yDfRExbnI5rcw==",
      "dev": true,
      "dependencies": {
        "regexp-to-ast": "0.5.0"
      }
    },
    "node_modules/prettier": {
      "version": "2.8.4",
      "resolved": "https://registry.npmjs.org/prettier/-/prettier-2.8.4.tgz",
      "integrity": "sha512-vIS4Rlc2FNh0BySk3Wkd6xmwxB0FpOndW5fisM5H8hsZSxU2VWVB5CWIkIjWvrHjIhxk2g3bfMKM87zNTrZddw==",
      "dev": true,
      "bin": {
        "prettier": "bin-prettier.js"
      },
      "engines": {
        "node": ">=10.13.0"
      },
      "funding": {
        "url": "https://github.com/prettier/prettier?sponsor=1"
      }
    },
    "node_modules/prettier-plugin-go-template": {
      "version": "0.0.13",
      "resolved": "https://registry.npmjs.org/prettier-plugin-go-template/-/prettier-plugin-go-template-0.0.13.tgz",
      "integrity": "sha512-gG/xT5kd+kCzoMaTchXvdfBdsunyRCV6G8cgdPGPd2V5JGGKXUG7SjzBKU7jaGh2RTeblcAdBb/E+S/duOAMsA==",
      "dev": true,
      "dependencies": {
        "ulid": "^2.3.0"
      },
      "engines": {
        "node": ">=14.0.0"
      },
      "peerDependencies": {
        "prettier": "^2.0.0"
      }
    },
    "node_modules/regexp-to-ast": {
      "version": "0.5.0",
      "resolved": "https://registry.npmjs.org/regexp-to-ast/-/regexp-to-ast-0.5.0.tgz",
      "integrity": "sha512-tlbJqcMHnPKI9zSrystikWKwHkBqu2a/Sgw01h3zFjvYrMxEDYHzzoMZnUrbIfpTFEsoRnnviOXNCzFiSc54Qw==",
      "dev": true
    },
    "node_modules/simple-icons": {
      "version": "8.6.0",
      "resolved": "https://registry.npmjs.org/simple-icons/-/simple-icons-8.6.0.tgz",
      "integrity": "sha512-A5rRhFdgsV+1LIdkzIuwa+ilYb1v+svDi1ojOcfnEXaYSsTAlYRpWcH+p0MM1XY7uIkiNJ8i9bkFRoysMbLopw==",
      "engines": {
        "node": ">=0.12.18"
      },
      "funding": {
        "type": "opencollective",
        "url": "https://opencollective.com/simple-icons"
      }
    },
    "node_modules/the-new-css-reset": {
      "version": "1.8.4",
      "resolved": "https://registry.npmjs.org/the-new-css-reset/-/the-new-css-reset-1.8.4.tgz",
      "integrity": "sha512-Upmb9XTyk78BmTbMQuAOTlESH9zmwqDAmmYC9MVm7uZLQdvGfxFTMhbpjKMUDwfmXGKnq6nkzISs/ReqHUP5xg=="
    },
    "node_modules/ulid": {
      "version": "2.3.0",
      "resolved": "https://registry.npmjs.org/ulid/-/ulid-2.3.0.tgz",
      "integrity": "sha512-keqHubrlpvT6G2wH0OEfSW4mquYRcbe/J8NMmveoQOjUqmo+hXtO+ORCpWhdbZ7k72UtY61BL7haGxW6enBnjw==",
      "dev": true,
      "bin": {
        "ulid": "bin/cli.js"
      }
    }
  }
}
